{
  "name": "notas-nfts-lote",
  "version": "1.0.0",
  "lockfileVersion": 3,
  "requires": true,
  "packages": {
    "": {
      "name": "notas-nfts-lote",
      "version": "1.0.0",
      "dependencies": {
        "@vercel/postgres": "^0.8.0"
      }
    },
    "node_modules/@neondatabase/serverless": {
      "version": "0.9.0",
      "resolved": "https://registry.npmjs.org/@neondatabase/serverless/-/serverless-0.9.0.tgz",
      "integrity": "sha512-ycd2v+zDkX9n7d8a67ef8s"
    },
    "node_modules/@vercel/postgres": {
      "version": "0.8.0",
      "resolved": "https://registry.npmjs.org/@vercel/postgres/-/postgres-0.8.0.tgz",
      "integrity": "sha512-q/f8J81232890dsf",
      "dependencies": {
        "@neondatabase/serverless": "^0.9.0"
      }
    }
  }
}
